
Microsoft Visual Studio Solution File, Format Version 12.00
# Visual Studio Version 16
VisualStudioVersion = 16.0.32228.343
MinimumVisualStudioVersion = 10.0.40219.1
Project("{FAE04EC0-301F-11D3-BF4B-00C04F79EFBC}") = "TechniqueStore", "TechniqueStore\TechniqueStore.csproj", "{805DDB26-CCEF-4778-99D8-AFF7CD47EF26}"
EndProject
Global
	GlobalSection(SolutionConfigurationPlatforms) = preSolution
		Debug|Any CPU = Debug|Any CPU
		Release|Any CPU = Release|Any CPU
	EndGlobalSection
	GlobalSection(ProjectConfigurationPlatforms) = postSolution
		{805DDB26-CCEF-4778-99D8-AFF7CD47EF26}.Debug|Any CPU.ActiveCfg = Debug|Any CPU
		{805DDB26-CCEF-4778-99D8-AFF7CD47EF26}.Debug|Any CPU.Build.0 = Debug|Any CPU
		{805DDB26-CCEF-4778-99D8-AFF7CD47EF26}.Release|Any CPU.ActiveCfg = Release|Any CPU
		{805DDB26-CCEF-4778-99D8-AFF7CD47EF26}.Release|Any CPU.Build.0 = Release|Any CPU
	EndGlobalSection
	GlobalSection(SolutionProperties) = preSolution
		HideSolutionNode = FALSE
	EndGlobalSection
	GlobalSection(ExtensibilityGlobals) = postSolution
		SolutionGuid = {36A41D01-C6E9-474C-B37C-88A33852199E}
	EndGlobalSection
EndGlobal
